// !$*UTF8*$!
{
	archiveVersion = 1;
	classes = {
	};
	objectVersion = 50;
	objects = {

/* Begin PBXBuildFile section */
		1A73DE0826D36BA300EBC340 /* AppDelegate.swift in Sources */ = {isa = PBXBuildFile; fileRef = 1A73DE0726D36BA300EBC340 /* AppDelegate.swift */; };
		1A73DE0A26D36BA300EBC340 /* SceneDelegate.swift in Sources */ = {isa = PBXBuildFile; fileRef = 1A73DE0926D36BA300EBC340 /* SceneDelegate.swift */; };
		1A73DE0C26D36BA300EBC340 /* ContentView.swift in Sources */ = {isa = PBXBuildFile; fileRef = 1A73DE0B26D36BA300EBC340 /* ContentView.swift */; };
		1A73DE0E26D36BA500EBC340 /* Assets.xcassets in Resources */ = {isa = PBXBuildFile; fileRef = 1A73DE0D26D36BA500EBC340 /* Assets.xcassets */; };
		1A73DE1126D36BA500EBC340 /* Preview Assets.xcassets in Resources */ = {isa = PBXBuildFile; fileRef = 1A73DE1026D36BA500EBC340 /* Preview Assets.xcassets */; };
		1A73DE1426D36BA500EBC340 /* LaunchScreen.storyboard in Resources */ = {isa = PBXBuildFile; fileRef = 1A73DE1226D36BA500EBC340 /* LaunchScreen.storyboard */; };
/* End PBXBuildFile section */

/* Begin PBXFileReference section */
		1A73DE0426D36BA300EBC340 /* GithubAction.app */ = {isa = PBXFileReference; explicitFileType = wrapper.application; includeInIndex = 0; path = GithubAction.app; sourceTree = BUILT_PRODUCTS_DIR; };
		1A73DE0726D36BA300EBC340 /* AppDelegate.swift */ = {isa = PBXFileReference; lastKnownFileType = sourcecode.swift; path = AppDelegate.swift; sourceTree = "<group>"; };
		1A73DE0926D36BA300EBC340 /* SceneDelegate.swift */ = {isa = PBXFileReference; lastKnownFileType = sourcecode.swift; path = SceneDelegate.swift; sourceTree = "<group>"; };
		1A73DE0B26D36BA300EBC340 /* ContentView.swift */ = {isa = PBXFileReference; lastKnownFileType = sourcecode.swift; path = ContentView.swift; sourceTree = "<group>"; };
		1A73DE0D26D36BA500EBC340 /* Assets.xcassets */ = {isa = PBXFileReference; lastKnownFileType = folder.assetcatalog; path = Assets.xcassets; sourceTree = "<group>"; };
		1A73DE1026D36BA500EBC340 /* Preview Assets.xcassets */ = {isa = PBXFileReference; lastKnownFileType = folder.assetcatalog; path = "Preview Assets.xcassets"; sourceTree = "<group>"; };
		1A73DE1326D36BA500EBC340 /* Base */ = {isa = PBXFileReference; lastKnownFileType = file.storyboard; name = Base; path = Base.lproj/LaunchScreen.storyboard; sourceTree = "<group>"; };
		1A73DE1526D36BA500EBC340 /* Info.plist */ = {isa = PBXFileReference; lastKnownFileType = text.plist.xml; path = Info.plist; sourceTree = "<group>"; };
/* End PBXFileReference section */

/* Begin PBXFrameworksBuildPhase section */
		1A73DE0126D36BA300EBC340 /* Frameworks */ = {
			isa = PBXFrameworksBuildPhase;
			buildActionMask = 2147483647;
			files = (
			);
			runOnlyForDeploymentPostprocessing = 0;
		};
/* End PBXFrameworksBuildPhase section */

/* Begin PBXGroup section */
		1A73DDFB26D36BA300EBC340 = {
			isa = PBXGroup;
			children = (
				1A73DE0626D36BA300EBC340 /* GithubAction */,
				1A73DE0526D36BA300EBC340 /* Products */,
			);
			sourceTree = "<group>";
		};
		1A73DE0526D36BA300EBC340 /* Products */ = {
			isa = PBXGroup;
			children = (
				1A73DE0426D36BA300EBC340 /* GithubAction.app */,
			);
			name = Products;
			sourceTree = "<group>";
		};
		1A73DE0626D36BA300EBC340 /* GithubAction */ = {
			isa = PBXGroup;
			children = (
				1A73DE0726D36BA300EBC340 /* AppDelegate.swift */,
				1A73DE0926D36BA300EBC340 /* SceneDelegate.swift */,
				1A73DE0B26D36BA300EBC340 /* ContentView.swift */,
				1A73DE0D26D36BA500EBC340 /* Assets.xcassets */,
				1A73DE1226D36BA500EBC340 /* LaunchScreen.storyboard */,
				1A73DE1526D36BA500EBC340 /* Info.plist */,
				1A73DE0F26D36BA500EBC340 /* Preview Content */,
			);
			path = GithubAction;
			sourceTree = "<group>";
		};
		1A73DE0F26D36BA500EBC340 /* Preview Content */ = {
			isa = PBXGroup;
			children = (
				1A73DE1026D36BA500EBC340 /* Preview Assets.xcassets */,
			);
			path = "Preview Content";
			sourceTree = "<group>";
		};
/* End PBXGroup section */

/* Begin PBXNativeTarget section */
		1A73DE0326D36BA300EBC340 /* GithubAction */ = {
			isa = PBXNativeTarget;
			buildConfigurationList = 1A73DE1826D36BA500EBC340 /* Build configuration list for PBXNativeTarget "GithubAction" */;
			buildPhases = (
				1A73DE0026D36BA300EBC340 /* Sources */,
				1A73DE0126D36BA300EBC340 /* Frameworks */,
				1A73DE0226D36BA300EBC340 /* Resources */,
			);
			buildRules = (
			);
			dependencies = (
			);
			name = GithubAction;
			productName = GithubAction;
			productReference = 1A73DE0426D36BA300EBC340 /* GithubAction.app */;
			productType = "com.apple.product-type.application";
		};
/* End PBXNativeTarget section */

/* Begin PBXProject section */
		1A73DDFC26D36BA300EBC340 /* Project object */ = {
			isa = PBXProject;
			attributes = {
				LastSwiftUpdateCheck = 1230;
				LastUpgradeCheck = 1230;
				TargetAttributes = {
					1A73DE0326D36BA300EBC340 = {
						CreatedOnToolsVersion = 12.3;
					};
				};
			};
			buildConfigurationList = 1A73DDFF26D36BA300EBC340 /* Build configuration list for PBXProject "GithubAction" */;
			compatibilityVersion = "Xcode 9.3";
			developmentRegion = en;
			hasScannedForEncodings = 0;
			knownRegions = (
				en,
				Base,
			);
			mainGroup = 1A73DDFB26D36BA300EBC340;
			productRefGroup = 1A73DE0526D36BA300EBC340 /* Products */;
			projectDirPath = "";
			projectRoot = "";
			targets = (
				1A73DE0326D36BA300EBC340 /* GithubAction */,
			);
		};
/* End PBXProject section */

/* Begin PBXResourcesBuildPhase section */
		1A73DE0226D36BA300EBC340 /* Resources */ = {
			isa = PBXResourcesBuildPhase;
			buildActionMask = 2147483647;
			files = (
				1A73DE1426D36BA500EBC340 /* LaunchScreen.storyboard in Resources */,
				1A73DE1126D36BA500EBC340 /* Preview Assets.xcassets in Resources */,
				1A73DE0E26D36BA500EBC340 /* Assets.xcassets in Resources */,
			);
			runOnlyForDeploymentPostprocessing = 0;
		};
/* End PBXResourcesBuildPhase section */

/* Begin PBXSourcesBuildPhase section */
		1A73DE0026D36BA300EBC340 /* Sources */ = {
			isa = PBXSourcesBuildPhase;
			buildActionMask = 2147483647;
			files = (
				1A73DE0826D36BA300EBC340 /* AppDelegate.swift in Sources */,
				1A73DE0A26D36BA300EBC340 /* SceneDelegate.swift in Sources */,
				1A73DE0C26D36BA300EBC340 /* ContentView.swift in Sources */,
			);
			runOnlyForDeploymentPostprocessing = 0;
		};
/* End PBXSourcesBuildPhase section */

/* Begin PBXVariantGroup section */
		1A73DE1226D36BA500EBC340 /* LaunchScreen.storyboard */ = {
			isa = PBXVariantGroup;
			children = (
				1A73DE1326D36BA500EBC340 /* Base */,
			);
			name = LaunchScreen.storyboard;
			sourceTree = "<group>";
		};
/* End PBXVariantGroup section */

/* Begin XCBuildConfiguration section */
		1A73DE1626D36BA500EBC340 /* Debug */ = {
			isa = XCBuildConfiguration;
			buildSettings = {
				ALWAYS_SEARCH_USER_PATHS = NO;
				CLANG_ANALYZER_NONNULL = YES;
				CLANG_ANALYZER_NUMBER_OBJECT_CONVERSION = YES_AGGRESSIVE;
				CLANG_CXX_LANGUAGE_STANDARD = "gnu++14";
				CLANG_CXX_LIBRARY = "libc++";
				CLANG_ENABLE_MODULES = YES;
				CLANG_ENABLE_OBJC_ARC = YES;
				CLANG_ENABLE_OBJC_WEAK = YES;
				CLANG_WARN_BLOCK_CAPTURE_AUTORELEASING = YES;
				CLANG_WARN_BOOL_CONVERSION = YES;
				CLANG_WARN_COMMA = YES;
				CLANG_WARN_CONSTANT_CONVERSION = YES;
				CLANG_WARN_DEPRECATED_OBJC_IMPLEMENTATIONS = YES;
				CLANG_WARN_DIRECT_OBJC_ISA_USAGE = YES_ERROR;
				CLANG_WARN_DOCUMENTATION_COMMENTS = YES;
				CLANG_WARN_EMPTY_BODY = YES;
				CLANG_WARN_ENUM_CONVERSION = YES;
				CLANG_WARN_INFINITE_RECURSION = YES;
				CLANG_WARN_INT_CONVERSION = YES;
				CLANG_WARN_NON_LITERAL_NULL_CONVERSION = YES;
				CLANG_WARN_OBJC_IMPLICIT_RETAIN_SELF = YES;
				CLANG_WARN_OBJC_LITERAL_CONVERSION = YES;
				CLANG_WARN_OBJC_ROOT_CLASS = YES_ERROR;
				CLANG_WARN_QUOTED_INCLUDE_IN_FRAMEWORK_HEADER = YES;
				CLANG_WARN_RANGE_LOOP_ANALYSIS = YES;
				CLANG_WARN_STRICT_PROTOTYPES = YES;
				CLANG_WARN_SUSPICIOUS_MOVE = YES;
				CLANG_WARN_UNGUARDED_AVAILABILITY = YES_AGGRESSIVE;
				CLANG_WARN_UNREACHABLE_CODE = YES;
				CLANG_WARN__DUPLICATE_METHOD_MATCH = YES;
				COPY_PHASE_STRIP = NO;
				DEBUG_INFORMATION_FORMAT = dwarf;
				ENABLE_STRICT_OBJC_MSGSEND = YES;
				ENABLE_TESTABILITY = YES;
				GCC_C_LANGUAGE_STANDARD = gnu11;
				GCC_DYNAMIC_NO_PIC = NO;
				GCC_NO_COMMON_BLOCKS = YES;
				GCC_OPTIMIZATION_LEVEL = 0;
				GCC_PREPROCESSOR_DEFINITIONS = (
					"DEBUG=1",
					"$(inherited)",
				);
				GCC_WARN_64_TO_32_BIT_CONVERSION = YES;
				GCC_WARN_ABOUT_RETURN_TYPE = YES_ERROR;
				GCC_WARN_UNDECLARED_SELECTOR = YES;
				GCC_WARN_UNINITIALIZED_AUTOS = YES_AGGRESSIVE;
				GCC_WARN_UNUSED_FUNCTION = YES;
				GCC_WARN_UNUSED_VARIABLE = YES;
				IPHONEOS_DEPLOYMENT_TARGET = 14.3;
				MTL_ENABLE_DEBUG_INFO = INCLUDE_SOURCE;
				MTL_FAST_MATH = YES;
				ONLY_ACTIVE_ARCH = YES;
				SDKROOT = iphoneos;
				SWIFT_ACTIVE_COMPILATION_CONDITIONS = DEBUG;
				SWIFT_OPTIMIZATION_LEVEL = "-Onone";
			};
			name = Debug;
		};
		1A73DE1726D36BA500EBC340 /* Release */ = {
			isa = XCBuildConfiguration;
			buildSettings = {
				ALWAYS_SEARCH_USER_PATHS = NO;
				CLANG_ANALYZER_NONNULL = YES;
				CLANG_ANALYZER_NUMBER_OBJECT_CONVERSION = YES_AGGRESSIVE;
				CLANG_CXX_LANGUAGE_STANDARD = "gnu++14";
				CLANG_CXX_LIBRARY = "libc++";
				CLANG_ENABLE_MODULES = YES;
				CLANG_ENABLE_OBJC_ARC = YES;
				CLANG_ENABLE_OBJC_WEAK = YES;
				CLANG_WARN_BLOCK_CAPTURE_AUTORELEASING = YES;
				CLANG_WARN_BOOL_CONVERSION = YES;
				CLANG_WARN_COMMA = YES;
				CLANG_WARN_CONSTANT_CONVERSION = YES;
				CLANG_WARN_DEPRECATED_OBJC_IMPLEMENTATIONS = YES;
				CLANG_WARN_DIRECT_OBJC_ISA_USAGE = YES_ERROR;
				CLANG_WARN_DOCUMENTATION_COMMENTS = YES;
				CLANG_WARN_EMPTY_BODY = YES;
				CLANG_WARN_ENUM_CONVERSION = YES;
				CLANG_WARN_INFINITE_RECURSION = YES;
				CLANG_WARN_INT_CONVERSION = YES;
				CLANG_WARN_NON_LITERAL_NULL_CONVERSION = YES;
				CLANG_WARN_OBJC_IMPLICIT_RETAIN_SELF = YES;
				CLANG_WARN_OBJC_LITERAL_CONVERSION = YES;
				CLANG_WARN_OBJC_ROOT_CLASS = YES_ERROR;
				CLANG_WARN_QUOTED_INCLUDE_IN_FRAMEWORK_HEADER = YES;
				CLANG_WARN_RANGE_LOOP_ANALYSIS = YES;
				CLANG_WARN_STRICT_PROTOTYPES = YES;
				CLANG_WARN_SUSPICIOUS_MOVE = YES;
				CLANG_WARN_UNGUARDED_AVAILABILITY = YES_AGGRESSIVE;
				CLANG_WARN_UNREACHABLE_CODE = YES;
				CLANG_WARN__DUPLICATE_METHOD_MATCH = YES;
				COPY_PHASE_STRIP = NO;
				DEBUG_INFORMATION_FORMAT = "dwarf-with-dsym";
				ENABLE_NS_ASSERTIONS = NO;
				ENABLE_STRICT_OBJC_MSGSEND = YES;
				GCC_C_LANGUAGE_STANDARD = gnu11;
				GCC_NO_COMMON_BLOCKS = YES;
				GCC_WARN_64_TO_32_BIT_CONVERSION = YES;
				GCC_WARN_ABOUT_RETURN_TYPE = YES_ERROR;
				GCC_WARN_UNDECLARED_SELECTOR = YES;
				GCC_WARN_UNINITIALIZED_AUTOS = YES_AGGRESSIVE;
				GCC_WARN_UNUSED_FUNCTION = YES;
				GCC_WARN_UNUSED_VARIABLE = YES;
				IPHONEOS_DEPLOYMENT_TARGET = 14.3;
				MTL_ENABLE_DEBUG_INFO = NO;
				MTL_FAST_MATH = YES;
				SDKROOT = iphoneos;
				SWIFT_COMPILATION_MODE = wholemodule;
				SWIFT_OPTIMIZATION_LEVEL = "-O";
				VALIDATE_PRODUCT = YES;
			};
			name = Release;
		};
		1A73DE1926D36BA500EBC340 /* Debug */ = {
			isa = XCBuildConfiguration;
			buildSettings = {
				ASSETCATALOG_COMPILER_APPICON_NAME = AppIcon;
				ASSETCATALOG_COMPILER_GLOBAL_ACCENT_COLOR_NAME = AccentColor;
				CODE_SIGN_STYLE = Automatic;
				DEVELOPMENT_ASSET_PATHS = "\"GithubAction/Preview Content\"";
				DEVELOPMENT_TEAM = KHV6JJH7M8;
				ENABLE_PREVIEWS = YES;
				INFOPLIST_FILE = GithubAction/Info.plist;
				LD_RUNPATH_SEARCH_PATHS = (
					"$(inherited)",
					"@executable_path/Frameworks",
				);
				PRODUCT_BUNDLE_IDENTIFIER = dovi.thinkyeah.GithubAction;
				PRODUCT_NAME = "$(TARGET_NAME)";
				SWIFT_VERSION = 5.0;
				TARGETED_DEVICE_FAMILY = "1,2";
			};
			name = Debug;
		};
		1A73DE1A26D36BA500EBC340 /* Release */ = {
			isa = XCBuildConfiguration;
			buildSettings = {
				ASSETCATALOG_COMPILER_APPICON_NAME = AppIcon;
				ASSETCATALOG_COMPILER_GLOBAL_ACCENT_COLOR_NAME = AccentColor;
				CODE_SIGN_STYLE = Automatic;
				DEVELOPMENT_ASSET_PATHS = "\"GithubAction/Preview Content\"";
				DEVELOPMENT_TEAM = KHV6JJH7M8;
				ENABLE_PREVIEWS = YES;
				INFOPLIST_FILE = GithubAction/Info.plist;
				LD_RUNPATH_SEARCH_PATHS = (
					"$(inherited)",
					"@executable_path/Frameworks",
				);
				PRODUCT_BUNDLE_IDENTIFIER = dovi.thinkyeah.GithubAction;
				PRODUCT_NAME = "$(TARGET_NAME)";
				SWIFT_VERSION = 5.0;
				TARGETED_DEVICE_FAMILY = "1,2";
			};
			name = Release;
		};
/* End XCBuildConfiguration section */

/* Begin XCConfigurationList section */
		1A73DDFF26D36BA300EBC340 /* Build configuration list for PBXProject "GithubAction" */ = {
			isa = XCConfigurationList;
			buildConfigurations = (
				1A73DE1626D36BA500EBC340 /* Debug */,
				1A73DE1726D36BA500EBC340 /* Release */,
			);
			defaultConfigurationIsVisible = 0;
			defaultConfigurationName = Release;
		};
		1A73DE1826D36BA500EBC340 /* Build configuration list for PBXNativeTarget "GithubAction" */ = {
			isa = XCConfigurationList;
			buildConfigurations = (
				1A73DE1926D36BA500EBC340 /* Debug */,
				1A73DE1A26D36BA500EBC340 /* Release */,
			);
			defaultConfigurationIsVisible = 0;
			defaultConfigurationName = Release;
		};
/* End XCConfigurationList section */
	};
	rootObject = 1A73DDFC26D36BA300EBC340 /* Project object */;
}
